
Microsoft Visual Studio Solution File, Format Version 12.00
# Visual Studio Version 17
VisualStudioVersion = 17.0.31903.59
MinimumVisualStudioVersion = 10.0.40219.1
Project("{FAE04EC0-301F-11D3-BF4B-00C04F79EFBC}") = "AuthenticationApi", "AuthenticationApi\AuthenticationApi.csproj", "{C67A5A07-2225-4807-B683-AF4DF994527F}"
EndProject
Project("{FAE04EC0-301F-11D3-BF4B-00C04F79EFBC}") = "Models", "Models\Models.csproj", "{27F5E335-76EB-4CAB-B9DA-253947EA2630}"
EndProject
Project("{FAE04EC0-301F-11D3-BF4B-00C04F79EFBC}") = "LogicLayer", "LogicLayer\LogicLayer.csproj", "{43AA6E70-6A30-4D26-A6C0-080953FB7665}"
EndProject
Project("{FAE04EC0-301F-11D3-BF4B-00C04F79EFBC}") = "DataLayer", "DataLayer\DataLayer.csproj", "{A978CCFC-C9F9-401F-8E30-D53A2858ABE2}"
EndProject
Project("{FAE04EC0-301F-11D3-BF4B-00C04F79EFBC}") = "AuthenticationLayer", "AuthenticationLayer\AuthenticationLayer.csproj", "{6D88A41C-1F4C-43CA-953E-1014A4EF5977}"
EndProject
Project("{FAE04EC0-301F-11D3-BF4B-00C04F79EFBC}") = "ValidationLayer", "ValidationLayer\ValidationLayer.csproj", "{39A31F53-E898-4323-9CA1-71102CDF1B89}"
EndProject
Global
	GlobalSection(SolutionConfigurationPlatforms) = preSolution
		Debug|Any CPU = Debug|Any CPU
		Release|Any CPU = Release|Any CPU
	EndGlobalSection
	GlobalSection(ProjectConfigurationPlatforms) = postSolution
		{C67A5A07-2225-4807-B683-AF4DF994527F}.Debug|Any CPU.ActiveCfg = Debug|Any CPU
		{C67A5A07-2225-4807-B683-AF4DF994527F}.Debug|Any CPU.Build.0 = Debug|Any CPU
		{C67A5A07-2225-4807-B683-AF4DF994527F}.Release|Any CPU.ActiveCfg = Release|Any CPU
		{C67A5A07-2225-4807-B683-AF4DF994527F}.Release|Any CPU.Build.0 = Release|Any CPU
		{27F5E335-76EB-4CAB-B9DA-253947EA2630}.Debug|Any CPU.ActiveCfg = Debug|Any CPU
		{27F5E335-76EB-4CAB-B9DA-253947EA2630}.Debug|Any CPU.Build.0 = Debug|Any CPU
		{27F5E335-76EB-4CAB-B9DA-253947EA2630}.Release|Any CPU.ActiveCfg = Release|Any CPU
		{27F5E335-76EB-4CAB-B9DA-253947EA2630}.Release|Any CPU.Build.0 = Release|Any CPU
		{43AA6E70-6A30-4D26-A6C0-080953FB7665}.Debug|Any CPU.ActiveCfg = Debug|Any CPU
		{43AA6E70-6A30-4D26-A6C0-080953FB7665}.Debug|Any CPU.Build.0 = Debug|Any CPU
		{43AA6E70-6A30-4D26-A6C0-080953FB7665}.Release|Any CPU.ActiveCfg = Release|Any CPU
		{43AA6E70-6A30-4D26-A6C0-080953FB7665}.Release|Any CPU.Build.0 = Release|Any CPU
		{A978CCFC-C9F9-401F-8E30-D53A2858ABE2}.Debug|Any CPU.ActiveCfg = Debug|Any CPU
		{A978CCFC-C9F9-401F-8E30-D53A2858ABE2}.Debug|Any CPU.Build.0 = Debug|Any CPU
		{A978CCFC-C9F9-401F-8E30-D53A2858ABE2}.Release|Any CPU.ActiveCfg = Release|Any CPU
		{A978CCFC-C9F9-401F-8E30-D53A2858ABE2}.Release|Any CPU.Build.0 = Release|Any CPU
		{6D88A41C-1F4C-43CA-953E-1014A4EF5977}.Debug|Any CPU.ActiveCfg = Debug|Any CPU
		{6D88A41C-1F4C-43CA-953E-1014A4EF5977}.Debug|Any CPU.Build.0 = Debug|Any CPU
		{6D88A41C-1F4C-43CA-953E-1014A4EF5977}.Release|Any CPU.ActiveCfg = Release|Any CPU
		{6D88A41C-1F4C-43CA-953E-1014A4EF5977}.Release|Any CPU.Build.0 = Release|Any CPU
		{39A31F53-E898-4323-9CA1-71102CDF1B89}.Debug|Any CPU.ActiveCfg = Debug|Any CPU
		{39A31F53-E898-4323-9CA1-71102CDF1B89}.Debug|Any CPU.Build.0 = Debug|Any CPU
		{39A31F53-E898-4323-9CA1-71102CDF1B89}.Release|Any CPU.ActiveCfg = Release|Any CPU
		{39A31F53-E898-4323-9CA1-71102CDF1B89}.Release|Any CPU.Build.0 = Release|Any CPU
	EndGlobalSection
	GlobalSection(SolutionProperties) = preSolution
		HideSolutionNode = FALSE
	EndGlobalSection
EndGlobal
